
Microsoft Visual Studio Solution File, Format Version 12.00
# Visual Studio Version 17
VisualStudioVersion = 17.11.35327.3
MinimumVisualStudioVersion = 10.0.40219.1
Project("{9A19103F-16F7-4668-BE54-9A1E7A4F7556}") = "CustomAuth", "CustomAuth\CustomAuth.csproj", "{1B17D78E-05F9-47C6-96C7-E95B2ECCE7D9}"
EndProject
Project("{9A19103F-16F7-4668-BE54-9A1E7A4F7556}") = "CustomAuth.Tests", "CustomAuth.Tests\CustomAuth.Tests.csproj", "{A50446DD-70C6-4CD6-BF60-ED0E5F1FF864}"
EndProject
Global
	GlobalSection(SolutionConfigurationPlatforms) = preSolution
		Debug|Any CPU = Debug|Any CPU
		Release|Any CPU = Release|Any CPU
	EndGlobalSection
	GlobalSection(ProjectConfigurationPlatforms) = postSolution
		{1B17D78E-05F9-47C6-96C7-E95B2ECCE7D9}.Debug|Any CPU.ActiveCfg = Debug|Any CPU
		{1B17D78E-05F9-47C6-96C7-E95B2ECCE7D9}.Debug|Any CPU.Build.0 = Debug|Any CPU
		{1B17D78E-05F9-47C6-96C7-E95B2ECCE7D9}.Release|Any CPU.ActiveCfg = Release|Any CPU
		{1B17D78E-05F9-47C6-96C7-E95B2ECCE7D9}.Release|Any CPU.Build.0 = Release|Any CPU
		{A50446DD-70C6-4CD6-BF60-ED0E5F1FF864}.Debug|Any CPU.ActiveCfg = Debug|Any CPU
		{A50446DD-70C6-4CD6-BF60-ED0E5F1FF864}.Debug|Any CPU.Build.0 = Debug|Any CPU
		{A50446DD-70C6-4CD6-BF60-ED0E5F1FF864}.Release|Any CPU.ActiveCfg = Release|Any CPU
		{A50446DD-70C6-4CD6-BF60-ED0E5F1FF864}.Release|Any CPU.Build.0 = Release|Any CPU
	EndGlobalSection
	GlobalSection(SolutionProperties) = preSolution
		HideSolutionNode = FALSE
	EndGlobalSection
	GlobalSection(ExtensibilityGlobals) = postSolution
		SolutionGuid = {B808EE52-8C93-4686-963F-C40B8B5A8B87}
	EndGlobalSection
EndGlobal
